
Microsoft Visual Studio Solution File, Format Version 12.00
# Visual Studio 2012
Project("{FAE04EC0-301F-11D3-BF4B-00C04F79EFBC}") = "DotNetPOC", "DotNetPOC\DotNetPOC.csproj", "{8E5E1D61-E64E-4263-8A33-72A064DFF22E}"
EndProject
Project("{FAE04EC0-301F-11D3-BF4B-00C04F79EFBC}") = "LibraryUtil", "LibraryUtil\LibraryUtil.csproj", "{03E5A08A-5193-40DE-9903-CC011574EFBE}"
EndProject
Global
	GlobalSection(SolutionConfigurationPlatforms) = preSolution
		Debug|Any CPU = Debug|Any CPU
		Release|Any CPU = Release|Any CPU
	EndGlobalSection
	GlobalSection(ProjectConfigurationPlatforms) = postSolution
		{8E5E1D61-E64E-4263-8A33-72A064DFF22E}.Debug|Any CPU.ActiveCfg = Debug|Any CPU
		{8E5E1D61-E64E-4263-8A33-72A064DFF22E}.Debug|Any CPU.Build.0 = Debug|Any CPU
		{8E5E1D61-E64E-4263-8A33-72A064DFF22E}.Release|Any CPU.ActiveCfg = Release|Any CPU
		{8E5E1D61-E64E-4263-8A33-72A064DFF22E}.Release|Any CPU.Build.0 = Release|Any CPU
		{03E5A08A-5193-40DE-9903-CC011574EFBE}.Debug|Any CPU.ActiveCfg = Debug|Any CPU
		{03E5A08A-5193-40DE-9903-CC011574EFBE}.Debug|Any CPU.Build.0 = Debug|Any CPU
		{03E5A08A-5193-40DE-9903-CC011574EFBE}.Release|Any CPU.ActiveCfg = Release|Any CPU
		{03E5A08A-5193-40DE-9903-CC011574EFBE}.Release|Any CPU.Build.0 = Release|Any CPU
	EndGlobalSection
EndGlobal
